{
  "version": 4,
  "terraform_version": "1.5.0",
  "serial": 38,
  "lineage": "c35d7fe3-0a74-c8d2-6c1d-676601f74740",
  "outputs": {},
  "resources": [
    {
      "module": "module.enterprise_monitoring.module.action_groups[\"cfi_tier1\"]",
      "mode": "managed",
      "type": "azurerm_monitor_action_group",
      "name": "mod_action_group",
      "provider": "provider[\"registry.terraform.io/hashicorp/azurerm\"]",
      "instances": [
        {
          "schema_version": 1,
          "attributes": {
            "arm_role_receiver": [],
            "automation_runbook_receiver": [],
            "azure_app_push_receiver": [],
            "azure_function_receiver": [],
            "email_receiver": [
              {
                "email_address": "umar.khan@thecloudmania.com",
                "name": "Umar_Khan_Email",
                "use_common_alert_schema": true
              },
              {
                "email_address": "muhammad.awais@thecloudmania.com",
                "name": "Muhammad_Awais_Email",
                "use_common_alert_schema": true
              }
            ],
            "enabled": true,
            "event_hub_receiver": [],
            "id": "/subscriptions/33db2cec-3605-467d-8216-742b23f46591/resourceGroups/rg-contractualwork/providers/Microsoft.Insights/actionGroups/ag-eus2-poc-01-svc-cfi_tier1",
            "itsm_receiver": [],
            "location": "global",
            "logic_app_receiver": [],
            "name": "ag-eus2-poc-01-svc-cfi_tier1",
            "resource_group_name": "rg-contractualwork",
            "short_name": "cfi_tier1",
            "sms_receiver": [],
            "tags": {},
            "timeouts": null,
            "voice_receiver": [],
            "webhook_receiver": []
          },
          "sensitive_attributes": [],
          "private": "eyJlMmJmYjczMC1lY2FhLTExZTYtOGY4OC0zNDM2M2JjN2M0YzAiOnsiY3JlYXRlIjoxODAwMDAwMDAwMDAwLCJkZWxldGUiOjE4MDAwMDAwMDAwMDAsInJlYWQiOjMwMDAwMDAwMDAwMCwidXBkYXRlIjoxODAwMDAwMDAwMDAwfSwic2NoZW1hX3ZlcnNpb24iOiIxIn0="
        }
      ]
    },
    {
      "module": "module.enterprise_monitoring.module.activity_alerts[\"key_vaults\"]",
      "mode": "managed",
      "type": "azurerm_monitor_activity_log_alert",
      "name": "mod_activity_alert",
      "provider": "provider[\"registry.terraform.io/hashicorp/azurerm\"]",
      "instances": [
        {
          "schema_version": 1,
          "attributes": {
            "action": [
              {
                "action_group_id": "/subscriptions/33db2cec-3605-467d-8216-742b23f46591/resourceGroups/rg-contractualwork/providers/Microsoft.Insights/actionGroups/ag-eus2-poc-01-svc-cfi_tier1",
                "webhook_properties": null
              }
            ],
            "criteria": [
              {
                "caller": "",
                "category": "ServiceHealth",
                "level": "",
                "levels": null,
                "operation_name": "",
                "recommendation_category": "",
                "recommendation_impact": "",
                "recommendation_type": "",
                "resource_group": "",
                "resource_groups": null,
                "resource_health": [],
                "resource_id": "",
                "resource_ids": null,
                "resource_provider": "",
                "resource_providers": null,
                "resource_type": "",
                "resource_types": null,
                "service_health": [
                  {
                    "events": [
                      "Incident",
                      "Maintenance"
                    ],
                    "locations": [
                      "East US 2"
                    ],
                    "services": [
                      "Key Vault"
                    ]
                  }
                ],
                "status": "",
                "statuses": null,
                "sub_status": "",
                "sub_statuses": null
              }
            ],
            "description": "service health alert for VMs",
            "enabled": true,
            "id": "/subscriptions/33db2cec-3605-467d-8216-742b23f46591/resourceGroups/rg-contractualwork/providers/Microsoft.Insights/activityLogAlerts/activity-alert-eus2-poc-01-svc-key_vaults",
            "name": "activity-alert-eus2-poc-01-svc-key_vaults",
            "resource_group_name": "rg-contractualwork",
            "scopes": [
              "/subscriptions/33db2cec-3605-467d-8216-742b23f46591"
            ],
            "tags": null,
            "timeouts": null
          },
          "sensitive_attributes": [],
          "private": "eyJlMmJmYjczMC1lY2FhLTExZTYtOGY4OC0zNDM2M2JjN2M0YzAiOnsiY3JlYXRlIjoxODAwMDAwMDAwMDAwLCJkZWxldGUiOjE4MDAwMDAwMDAwMDAsInJlYWQiOjMwMDAwMDAwMDAwMCwidXBkYXRlIjoxODAwMDAwMDAwMDAwfSwic2NoZW1hX3ZlcnNpb24iOiIxIn0=",
          "dependencies": [
            "module.enterprise_monitoring.module.action_groups.azurerm_monitor_action_group.mod_action_group"
          ]
        }
      ]
    },
    {
      "module": "module.enterprise_monitoring.module.activity_alerts[\"vm_umar_01_start_vm\"]",
      "mode": "managed",
      "type": "azurerm_monitor_activity_log_alert",
      "name": "mod_activity_alert",
      "provider": "provider[\"registry.terraform.io/hashicorp/azurerm\"]",
      "instances": [
        {
          "schema_version": 1,
          "attributes": {
            "action": [
              {
                "action_group_id": "/subscriptions/33db2cec-3605-467d-8216-742b23f46591/resourceGroups/rg-contractualwork/providers/Microsoft.Insights/actionGroups/ag-eus2-poc-01-svc-cfi_tier1",
                "webhook_properties": {}
              }
            ],
            "criteria": [
              {
                "caller": "",
                "category": "Administrative",
                "level": "Informational",
                "levels": [],
                "operation_name": "Microsoft.Compute/virtualMachines/start/action",
                "recommendation_category": "",
                "recommendation_impact": "",
                "recommendation_type": "",
                "resource_group": "",
                "resource_groups": [],
                "resource_health": [],
                "resource_id": "",
                "resource_ids": [],
                "resource_provider": "",
                "resource_providers": [],
                "resource_type": "",
                "resource_types": [],
                "service_health": [],
                "status": "Succeeded",
                "statuses": [],
                "sub_status": "",
                "sub_statuses": []
              }
            ],
            "description": "vm-umar-01 has been started",
            "enabled": true,
            "id": "/subscriptions/33db2cec-3605-467d-8216-742b23f46591/resourceGroups/rg-contractualwork/providers/Microsoft.Insights/activityLogAlerts/activity-alert-eus2-poc-01-svc-vm_umar_01_start_vm",
            "name": "activity-alert-eus2-poc-01-svc-vm_umar_01_start_vm",
            "resource_group_name": "rg-contractualwork",
            "scopes": [
              "/subscriptions/33db2cec-3605-467d-8216-742b23f46591/resourceGroups/rg-contractualwork/providers/Microsoft.Compute/virtualMachines/vm-umar-01"
            ],
            "tags": {},
            "timeouts": null
          },
          "sensitive_attributes": [],
          "private": "eyJlMmJmYjczMC1lY2FhLTExZTYtOGY4OC0zNDM2M2JjN2M0YzAiOnsiY3JlYXRlIjoxODAwMDAwMDAwMDAwLCJkZWxldGUiOjE4MDAwMDAwMDAwMDAsInJlYWQiOjMwMDAwMDAwMDAwMCwidXBkYXRlIjoxODAwMDAwMDAwMDAwfSwic2NoZW1hX3ZlcnNpb24iOiIxIn0=",
          "dependencies": [
            "module.enterprise_monitoring.module.action_groups.azurerm_monitor_action_group.mod_action_group"
          ]
        }
      ]
    },
    {
      "module": "module.enterprise_monitoring.module.activity_alerts[\"vm_umar_01_stop_vm\"]",
      "mode": "managed",
      "type": "azurerm_monitor_activity_log_alert",
      "name": "mod_activity_alert",
      "provider": "provider[\"registry.terraform.io/hashicorp/azurerm\"]",
      "instances": [
        {
          "schema_version": 1,
          "attributes": {
            "action": [
              {
                "action_group_id": "/subscriptions/33db2cec-3605-467d-8216-742b23f46591/resourceGroups/rg-contractualwork/providers/Microsoft.Insights/actionGroups/ag-eus2-poc-01-svc-cfi_tier1",
                "webhook_properties": {}
              }
            ],
            "criteria": [
              {
                "caller": "",
                "category": "Administrative",
                "level": "Informational",
                "levels": [],
                "operation_name": "Microsoft.Compute/virtualMachines/deallocate/action",
                "recommendation_category": "",
                "recommendation_impact": "",
                "recommendation_type": "",
                "resource_group": "",
                "resource_groups": [],
                "resource_health": [],
                "resource_id": "",
                "resource_ids": [],
                "resource_provider": "",
                "resource_providers": [],
                "resource_type": "",
                "resource_types": [],
                "service_health": [],
                "status": "Succeeded",
                "statuses": [],
                "sub_status": "",
                "sub_statuses": []
              }
            ],
            "description": "vm-umar-01 has been stopped",
            "enabled": true,
            "id": "/subscriptions/33db2cec-3605-467d-8216-742b23f46591/resourceGroups/rg-contractualwork/providers/Microsoft.Insights/activityLogAlerts/activity-alert-eus2-poc-01-svc-vm_umar_01_stop_vm",
            "name": "activity-alert-eus2-poc-01-svc-vm_umar_01_stop_vm",
            "resource_group_name": "rg-contractualwork",
            "scopes": [
              "/subscriptions/33db2cec-3605-467d-8216-742b23f46591/resourceGroups/rg-contractualwork/providers/Microsoft.Compute/virtualMachines/vm-umar-01"
            ],
            "tags": {},
            "timeouts": null
          },
          "sensitive_attributes": [],
          "private": "eyJlMmJmYjczMC1lY2FhLTExZTYtOGY4OC0zNDM2M2JjN2M0YzAiOnsiY3JlYXRlIjoxODAwMDAwMDAwMDAwLCJkZWxldGUiOjE4MDAwMDAwMDAwMDAsInJlYWQiOjMwMDAwMDAwMDAwMCwidXBkYXRlIjoxODAwMDAwMDAwMDAwfSwic2NoZW1hX3ZlcnNpb24iOiIxIn0=",
          "dependencies": [
            "module.enterprise_monitoring.module.action_groups.azurerm_monitor_action_group.mod_action_group"
          ]
        }
      ]
    },
    {
      "module": "module.enterprise_monitoring.module.metric_alerts[\"vm_umar_01_cpu_percentage\"]",
      "mode": "managed",
      "type": "azurerm_monitor_metric_alert",
      "name": "mod_metric_alert",
      "provider": "provider[\"registry.terraform.io/hashicorp/azurerm\"]",
      "instances": [
        {
          "schema_version": 1,
          "attributes": {
            "action": [
              {
                "action_group_id": "/subscriptions/33db2cec-3605-467d-8216-742b23f46591/resourceGroups/rg-contractualwork/providers/Microsoft.Insights/actionGroups/ag-eus2-poc-01-svc-cfi_tier1",
                "webhook_properties": {}
              }
            ],
            "application_insights_web_test_location_availability_criteria": [],
            "auto_mitigate": true,
            "criteria": [
              {
                "aggregation": "Average",
                "dimension": [],
                "metric_name": "Percentage CPU",
                "metric_namespace": "Microsoft.Compute/virtualMachines",
                "operator": "GreaterThan",
                "skip_metric_validation": true,
                "threshold": 75
              }
            ],
            "description": "vm-umar-01 CPU alert",
            "dynamic_criteria": [],
            "enabled": true,
            "frequency": "PT1M",
            "id": "/subscriptions/33db2cec-3605-467d-8216-742b23f46591/resourceGroups/rg-contractualwork/providers/Microsoft.Insights/metricAlerts/metric-alert-eus2-poc-01-svc-vm_umar_01_cpu_percentage",
            "name": "metric-alert-eus2-poc-01-svc-vm_umar_01_cpu_percentage",
            "resource_group_name": "rg-contractualwork",
            "scopes": [
              "/subscriptions/33db2cec-3605-467d-8216-742b23f46591/resourceGroups/rg-contractualwork/providers/Microsoft.Compute/virtualMachines/vm-umar-01"
            ],
            "severity": 2,
            "tags": {},
            "target_resource_location": "eastus2",
            "target_resource_type": "Microsoft.Compute/virtualMachines",
            "timeouts": null,
            "window_size": "PT5M"
          },
          "sensitive_attributes": [],
          "private": "eyJlMmJmYjczMC1lY2FhLTExZTYtOGY4OC0zNDM2M2JjN2M0YzAiOnsiY3JlYXRlIjoxODAwMDAwMDAwMDAwLCJkZWxldGUiOjE4MDAwMDAwMDAwMDAsInJlYWQiOjMwMDAwMDAwMDAwMCwidXBkYXRlIjoxODAwMDAwMDAwMDAwfSwic2NoZW1hX3ZlcnNpb24iOiIxIn0=",
          "dependencies": [
            "module.enterprise_monitoring.module.action_groups.azurerm_monitor_action_group.mod_action_group"
          ]
        }
      ]
    },
    {
      "module": "module.enterprise_monitoring.module.query_alerts[\"config_server_logs_dev\"]",
      "mode": "managed",
      "type": "azurerm_monitor_scheduled_query_rules_alert_v2",
      "name": "mod_query_alert",
      "provider": "provider[\"registry.terraform.io/hashicorp/azurerm\"]",
      "instances": [
        {
          "schema_version": 0,
          "attributes": {
            "action": [
              {
                "action_groups": [
                  "/subscriptions/33db2cec-3605-467d-8216-742b23f46591/resourceGroups/rg-contractualwork/providers/Microsoft.Insights/actionGroups/ag-eus2-poc-01-svc-cfi_tier1"
                ],
                "custom_properties": {}
              }
            ],
            "auto_mitigation_enabled": false,
            "created_with_api_version": "2023-03-15-preview",
            "criteria": [
              {
                "dimension": [],
                "failing_periods": [
                  {
                    "minimum_failing_periods_to_trigger_alert": 1,
                    "number_of_evaluation_periods": 1
                  }
                ],
                "metric_measure_column": "",
                "operator": "GreaterThan",
                "query": "          ContainerAppConsoleLogs_CL | where Log_s contains \"AZ-DEV\"\n",
                "resource_id_column": "",
                "threshold": 0,
                "time_aggregation_method": "Count"
              }
            ],
            "description": "Log Example Test",
            "display_name": "query-alert-eus2-poc-01-svc-config_server_logs_dev",
            "enabled": true,
            "evaluation_frequency": "PT1M",
            "id": "/subscriptions/33db2cec-3605-467d-8216-742b23f46591/resourceGroups/rg-contractualwork/providers/Microsoft.Insights/scheduledQueryRules/query-alert-eus2-poc-01-svc-config_server_logs_dev",
            "is_a_legacy_log_analytics_rule": false,
            "is_workspace_alerts_storage_configured": false,
            "location": "eastus2",
            "mute_actions_after_alert_duration": "",
            "name": "query-alert-eus2-poc-01-svc-config_server_logs_dev",
            "query_time_range_override": "",
            "resource_group_name": "rg-contractualwork",
            "scopes": [
              "/subscriptions/33db2cec-3605-467d-8216-742b23f46591/resourceGroups/rg-container-apps-poc/providers/Microsoft.OperationalInsights/workspaces/workspacergcontainerappspoc983a"
            ],
            "severity": 3,
            "skip_query_validation": true,
            "tags": {},
            "target_resource_types": [
              "Microsoft.OperationalInsights/workspaces"
            ],
            "timeouts": null,
            "window_duration": "PT1M",
            "workspace_alerts_storage_enabled": false
          },
          "sensitive_attributes": [],
          "private": "eyJlMmJmYjczMC1lY2FhLTExZTYtOGY4OC0zNDM2M2JjN2M0YzAiOnsiY3JlYXRlIjoxODAwMDAwMDAwMDAwLCJkZWxldGUiOjE4MDAwMDAwMDAwMDAsInJlYWQiOjMwMDAwMDAwMDAwMCwidXBkYXRlIjoxODAwMDAwMDAwMDAwfX0=",
          "dependencies": [
            "module.enterprise_monitoring.module.action_groups.azurerm_monitor_action_group.mod_action_group"
          ]
        }
      ]
    }
  ],
  "check_results": null
}
